
Microsoft Visual Studio Solution File, Format Version 12.00
# Visual Studio Version 17
VisualStudioVersion = 17.0.32014.148
MinimumVisualStudioVersion = 10.0.40219.1
Project("{2150E333-8FDC-42A3-9474-1A3956D46DE8}") = "PokemonPOO.Entidades", "PokemonPOO.Entidades", "{D9D44E16-48F1-4887-8E3A-B11A64356199}"
EndProject
Project("{9A19103F-16F7-4668-BE54-9A1E7A4F7556}") = "PokemonPOO.Entidades", "PokemonPOO.Entidades\PokemonPOO.Entidades.csproj", "{F144B886-9E81-479F-8352-D747E3387EA3}"
EndProject
Project("{2150E333-8FDC-42A3-9474-1A3956D46DE8}") = "PokemonPOO.Datastore", "PokemonPOO.Datastore", "{0B556356-0561-4BC5-9C17-78D4EA99DD40}"
EndProject
Project("{9A19103F-16F7-4668-BE54-9A1E7A4F7556}") = "PokemonPOO.Datastore", "PokemonPOO.Datastore\PokemonPOO.Datastore.csproj", "{62CBF1C2-7B15-41EF-8696-4D71DAAA12A9}"
EndProject
Project("{2150E333-8FDC-42A3-9474-1A3956D46DE8}") = "PokemonPOO.API", "PokemonPOO.API", "{B3DD5505-60D6-4C24-A490-33AD775A7BBF}"
EndProject
Project("{9A19103F-16F7-4668-BE54-9A1E7A4F7556}") = "PokemonPOO.API", "PokemonPOO.API\PokemonPOO.API.csproj", "{C02F9538-F6BD-4E8A-91F4-483A34F96EE2}"
EndProject
Project("{2150E333-8FDC-42A3-9474-1A3956D46DE8}") = "PokemonPOO.Servicios", "PokemonPOO.Servicios", "{A4CB9651-0893-406E-9E9B-8ED352FFEB4A}"
EndProject
Project("{9A19103F-16F7-4668-BE54-9A1E7A4F7556}") = "PokemonPOO.Servicios", "PokemonPOO.Servicios\PokemonPOO.Servicios.csproj", "{E841CD89-B792-4082-8B7F-1E903FC2CE64}"
EndProject
Project("{2150E333-8FDC-42A3-9474-1A3956D46DE8}") = "PokemonPOO.Frontend", "PokemonPOO.Frontend", "{78683F8B-75B6-47C5-A311-7DC8CBDE4DCB}"
	ProjectSection(SolutionItems) = preProject
		..\..\..\Desktop\ISTIC\2do año\2do cuatrimestre\Diseño de sistemas\exposicion\pokemon.html = ..\..\..\Desktop\ISTIC\2do año\2do cuatrimestre\Diseño de sistemas\exposicion\pokemon.html
		..\..\..\Desktop\ISTIC\2do año\2do cuatrimestre\Diseño de sistemas\exposicion\pokemon_logo.png = ..\..\..\Desktop\ISTIC\2do año\2do cuatrimestre\Diseño de sistemas\exposicion\pokemon_logo.png
		..\..\..\Desktop\ISTIC\2do año\2do cuatrimestre\Diseño de sistemas\exposicion\pokemon_requests.js = ..\..\..\Desktop\ISTIC\2do año\2do cuatrimestre\Diseño de sistemas\exposicion\pokemon_requests.js
	EndProjectSection
EndProject
Global
	GlobalSection(SolutionConfigurationPlatforms) = preSolution
		Debug|Any CPU = Debug|Any CPU
		Release|Any CPU = Release|Any CPU
	EndGlobalSection
	GlobalSection(ProjectConfigurationPlatforms) = postSolution
		{F144B886-9E81-479F-8352-D747E3387EA3}.Debug|Any CPU.ActiveCfg = Debug|Any CPU
		{F144B886-9E81-479F-8352-D747E3387EA3}.Debug|Any CPU.Build.0 = Debug|Any CPU
		{F144B886-9E81-479F-8352-D747E3387EA3}.Release|Any CPU.ActiveCfg = Release|Any CPU
		{F144B886-9E81-479F-8352-D747E3387EA3}.Release|Any CPU.Build.0 = Release|Any CPU
		{62CBF1C2-7B15-41EF-8696-4D71DAAA12A9}.Debug|Any CPU.ActiveCfg = Debug|Any CPU
		{62CBF1C2-7B15-41EF-8696-4D71DAAA12A9}.Debug|Any CPU.Build.0 = Debug|Any CPU
		{62CBF1C2-7B15-41EF-8696-4D71DAAA12A9}.Release|Any CPU.ActiveCfg = Release|Any CPU
		{62CBF1C2-7B15-41EF-8696-4D71DAAA12A9}.Release|Any CPU.Build.0 = Release|Any CPU
		{C02F9538-F6BD-4E8A-91F4-483A34F96EE2}.Debug|Any CPU.ActiveCfg = Debug|Any CPU
		{C02F9538-F6BD-4E8A-91F4-483A34F96EE2}.Debug|Any CPU.Build.0 = Debug|Any CPU
		{C02F9538-F6BD-4E8A-91F4-483A34F96EE2}.Release|Any CPU.ActiveCfg = Release|Any CPU
		{C02F9538-F6BD-4E8A-91F4-483A34F96EE2}.Release|Any CPU.Build.0 = Release|Any CPU
		{E841CD89-B792-4082-8B7F-1E903FC2CE64}.Debug|Any CPU.ActiveCfg = Debug|Any CPU
		{E841CD89-B792-4082-8B7F-1E903FC2CE64}.Debug|Any CPU.Build.0 = Debug|Any CPU
		{E841CD89-B792-4082-8B7F-1E903FC2CE64}.Release|Any CPU.ActiveCfg = Release|Any CPU
		{E841CD89-B792-4082-8B7F-1E903FC2CE64}.Release|Any CPU.Build.0 = Release|Any CPU
	EndGlobalSection
	GlobalSection(SolutionProperties) = preSolution
		HideSolutionNode = FALSE
	EndGlobalSection
	GlobalSection(NestedProjects) = preSolution
		{F144B886-9E81-479F-8352-D747E3387EA3} = {D9D44E16-48F1-4887-8E3A-B11A64356199}
		{62CBF1C2-7B15-41EF-8696-4D71DAAA12A9} = {0B556356-0561-4BC5-9C17-78D4EA99DD40}
		{C02F9538-F6BD-4E8A-91F4-483A34F96EE2} = {B3DD5505-60D6-4C24-A490-33AD775A7BBF}
		{E841CD89-B792-4082-8B7F-1E903FC2CE64} = {A4CB9651-0893-406E-9E9B-8ED352FFEB4A}
	EndGlobalSection
	GlobalSection(ExtensibilityGlobals) = postSolution
		SolutionGuid = {AA092C01-EEFC-43E0-A3FB-45152CB433A9}
	EndGlobalSection
EndGlobal
